{
  "lockfileVersion": 1,
  "configVersion": 1,
  "workspaces": {
    "": {
      "name": "tau",
      "devDependencies": {
        "@ai-sdk/openai-compatible": "^3.0.22",
        "@types/bun": "1.3.13",
        "oxlint": "1.77.0",
        "typescript": "5.9.3",
        "vitest": "4.1.9",
      },
    },
    "packages/action": {
      "name": "@tau/action",
      "version": "0.0.1",
      "dependencies": {
        "@tau/contract": "workspace:*",
        "@tau/store": "workspace:*",
        "diff": "8.0.2",
        "ignore": "7.0.5",
        "minimatch": "10.2.5",
      },
    },
    "packages/app": {
      "name": "@tau/app",
      "version": "0.0.1",
      "bin": {
        "tau": "./src/main.ts",
      },
      "dependencies": {
        "@ai-sdk/mcp": "^2.0.24",
        "@tau/action": "workspace:*",
        "@tau/contract": "workspace:*",
        "@tau/enhance": "workspace:*",
        "@tau/eval": "workspace:*",
        "@tau/llm": "workspace:*",
        "@tau/orchestrate": "workspace:*",
        "@tau/session": "workspace:*",
        "@tau/store": "workspace:*",
        "@tau/surface": "workspace:*",
        "@tau/tui": "workspace:*",
      },
    },
    "packages/contract": {
      "name": "@tau/contract",
      "version": "0.0.1",
      "dependencies": {
        "zod": "4.1.8",
      },
    },
    "packages/enhance": {
      "name": "@tau/enhance",
      "version": "0.0.1",
      "dependencies": {
        "@tau/action": "workspace:*",
        "@tau/contract": "workspace:*",
        "@tau/session": "workspace:*",
        "@tau/store": "workspace:*",
        "yaml": "2.9.0",
      },
    },
    "packages/eval": {
      "name": "@tau/eval",
      "version": "0.0.1",
      "dependencies": {
        "@tau/action": "workspace:*",
        "@tau/contract": "workspace:*",
        "@tau/enhance": "workspace:*",
        "@tau/llm": "workspace:*",
        "@tau/orchestrate": "workspace:*",
        "@tau/session": "workspace:*",
        "@tau/store": "workspace:*",
        "@tau/surface": "workspace:*",
      },
    },
    "packages/llm": {
      "name": "@tau/llm",
      "version": "0.0.1",
      "dependencies": {
        "@ai-sdk/alibaba": "^2.0.24",
        "@ai-sdk/anthropic": "4.0.29",
        "@ai-sdk/deepseek": "^3.0.21",
        "@ai-sdk/minimax": "^3.0.5",
        "@ai-sdk/moonshotai": "^3.0.25",
        "@ai-sdk/openai-compatible": "3.0.22",
        "@tau/contract": "workspace:*",
        "ai": "7.0.51",
      },
    },
    "packages/orchestrate": {
      "name": "@tau/orchestrate",
      "version": "0.0.1",
      "dependencies": {
        "@tau/action": "workspace:*",
        "@tau/contract": "workspace:*",
        "@tau/llm": "workspace:*",
        "@tau/session": "workspace:*",
        "@tau/store": "workspace:*",
      },
    },
    "packages/session": {
      "name": "@tau/session",
      "version": "0.0.1",
      "dependencies": {
        "@tau/contract": "workspace:*",
        "@tau/store": "workspace:*",
      },
    },
    "packages/store": {
      "name": "@tau/store",
      "version": "0.0.1",
      "dependencies": {
        "@tau/contract": "workspace:*",
        "drizzle-orm": "1.0.0-rc.2",
      },
    },
    "packages/surface": {
      "name": "@tau/surface",
      "version": "0.0.1",
      "dependencies": {
        "@tau/contract": "workspace:*",
        "@tau/orchestrate": "workspace:*",
        "@tau/session": "workspace:*",
        "hono": "^4.7.0",
      },
    },
    "packages/tui": {
      "name": "@tau/tui",
      "version": "0.0.1",
      "dependencies": {
        "@earendil-works/pi-tui": "^0.83.0",
        "@tau/contract": "workspace:*",
        "@tau/surface": "workspace:*",
        "chalk": "5.6.2",
      },
    },
  },
  "packages": {
    "@ai-sdk/alibaba": ["@ai-sdk/alibaba@2.0.24", "https://registry.npmmirror.com/@ai-sdk/alibaba/-/alibaba-2.0.24.tgz", { "dependencies": { "@ai-sdk/openai-compatible": "3.0.22", "@ai-sdk/provider": "4.0.5", "@ai-sdk/provider-utils": "5.0.20" }, "peerDependencies": { "zod": "^3.25.76 || ^4.1.8" } }, "sha512-54kjLyttw8BnymvSUZ46tcL1ktkWY6kIYvKOwIMp5GDDkllD2Tistm9Il8tPgj8IowDxKzoQhcGjxfR7z3JstA=="],

    "@ai-sdk/anthropic": ["@ai-sdk/anthropic@4.0.29", "https://registry.npmmirror.com/@ai-sdk/anthropic/-/anthropic-4.0.29.tgz", { "dependencies": { "@ai-sdk/provider": "4.0.5", "@ai-sdk/provider-utils": "5.0.20" }, "peerDependencies": { "zod": "^3.25.76 || ^4.1.8" } }, "sha512-e5McXB9sqfGBCCPVjoxKVGuWT8LIwRI4k6a8MbZWq6J+W1hmAsWv6oK0sD8z9GIcGJ66aEJSuzMuLyg+FtL4Ew=="],

    "@ai-sdk/deepseek": ["@ai-sdk/deepseek@3.0.21", "https://registry.npmmirror.com/@ai-sdk/deepseek/-/deepseek-3.0.21.tgz", { "dependencies": { "@ai-sdk/provider": "4.0.5", "@ai-sdk/provider-utils": "5.0.20" }, "peerDependencies": { "zod": "^3.25.76 || ^4.1.8" } }, "sha512-IwCT0YnK3ZoQuTn6Wr2Ad2PYDzgdBGl1FB2ikAuQSVIsAQ6lm87x98xOLGE5Pb2rO/2MKQ3/W1/cz7BrpJzbDw=="],

    "@ai-sdk/gateway": ["@ai-sdk/gateway@4.0.40", "https://registry.npmmirror.com/@ai-sdk/gateway/-/gateway-4.0.40.tgz", { "dependencies": { "@ai-sdk/provider": "4.0.5", "@ai-sdk/provider-utils": "5.0.20", "@vercel/oidc": "3.2.0" }, "peerDependencies": { "zod": "^3.25.76 || ^4.1.8" } }, "sha512-poNySlk+zSe04M4v0wgJKt+mzY6Vk6abcQid58YZnFUBJYo6VwfsFUaW7oINoR1vYYB7Ne6eqY1doSxYKt0KDg=="],

    "@ai-sdk/mcp": ["@ai-sdk/mcp@2.0.24", "https://registry.npmmirror.com/@ai-sdk/mcp/-/mcp-2.0.24.tgz", { "dependencies": { "@ai-sdk/provider": "4.0.5", "@ai-sdk/provider-utils": "5.0.20", "pkce-challenge": "^5.0.1" }, "peerDependencies": { "zod": "^3.25.76 || ^4.1.8" } }, "sha512-vAY9ubauC2kisAW9fmGM2r1BOTysGOCbqfEZVI9jXOOZSFx84F+6/0PMPHrjf2Et9pDYpzdJCxAxAWtzNJy+qw=="],

    "@ai-sdk/minimax": ["@ai-sdk/minimax@3.0.5", "https://registry.npmmirror.com/@ai-sdk/minimax/-/minimax-3.0.5.tgz", { "dependencies": { "@ai-sdk/anthropic": "4.0.29", "@ai-sdk/provider": "4.0.5", "@ai-sdk/provider-utils": "5.0.20" }, "peerDependencies": { "zod": "^3.25.76 || ^4.1.8" } }, "sha512-3K8NEAzc5qHxLTsaLd7UbLv7SLnWeq0HVVprYab3WJkg32Si/6sheYhzsbZUMwo1jqkr0K/70B3eBNr/9T1cpw=="],

    "@ai-sdk/moonshotai": ["@ai-sdk/moonshotai@3.0.25", "https://registry.npmmirror.com/@ai-sdk/moonshotai/-/moonshotai-3.0.25.tgz", { "dependencies": { "@ai-sdk/openai-compatible": "3.0.22", "@ai-sdk/provider": "4.0.5", "@ai-sdk/provider-utils": "5.0.20" }, "peerDependencies": { "zod": "^3.25.76 || ^4.1.8" } }, "sha512-GGkfFh0DpjciBISrM5uioGupReE0t5+veZAWQw99+EAm/Fl+DhnnocOrP44ZJT0FWhdZbzVoChUOKCZT3tvnUg=="],

    "@ai-sdk/openai-compatible": ["@ai-sdk/openai-compatible@3.0.22", "https://registry.npmmirror.com/@ai-sdk/openai-compatible/-/openai-compatible-3.0.22.tgz", { "dependencies": { "@ai-sdk/provider": "4.0.5", "@ai-sdk/provider-utils": "5.0.20" }, "peerDependencies": { "zod": "^3.25.76 || ^4.1.8" } }, "sha512-KHohs5/BZWEw1q16sXdxr/jvG+DsoPlB5j98yQd+GFWfYIqB2qGtxnbvzpvGXLaNH9zZPUzF+qH6AiWvkjNjAQ=="],

    "@ai-sdk/provider": ["@ai-sdk/provider@4.0.5", "https://registry.npmmirror.com/@ai-sdk/provider/-/provider-4.0.5.tgz", { "dependencies": { "json-schema": "^0.4.0" } }, "sha512-9WAerTaPU2jcVi8dh8x27tySEuLur1Kfg7Go74GuCmsC/2MDSvrTkrK8ZrXWjryEevKfcPPmO1enveE7eqlzoA=="],

    "@ai-sdk/provider-utils": ["@ai-sdk/provider-utils@5.0.20", "https://registry.npmmirror.com/@ai-sdk/provider-utils/-/provider-utils-5.0.20.tgz", { "dependencies": { "@ai-sdk/provider": "4.0.5", "@standard-schema/spec": "^1.1.0", "@workflow/serde": "4.1.0", "eventsource-parser": "^3.0.8", "undici": "^7.28.0" }, "peerDependencies": { "zod": "^3.25.76 || ^4.1.8" } }, "sha512-9W8c2mXiGgbo9sBBT4ybEWF8znxla2CO8VTim8t5oCCLP4aDH4o6RvkHfwL/iLC6mEbO4a6LpS2FBbQHccU+ig=="],

    "@earendil-works/pi-tui": ["@earendil-works/pi-tui@0.83.0", "https://registry.npmmirror.com/@earendil-works/pi-tui/-/pi-tui-0.83.0.tgz", { "dependencies": { "get-east-asian-width": "1.6.0", "marked": "18.0.5" } }, "sha512-IoYrb0rORjELmEpNtoCA/U8je3KopMkRAVJRdSzvXRvgb+Huo1gNh8Q5CSZvNOiYtDxJdj2tYZZHZ4B3+IN3hA=="],

    "@jridgewell/sourcemap-codec": ["@jridgewell/sourcemap-codec@1.5.5", "https://registry.npmmirror.com/@jridgewell/sourcemap-codec/-/sourcemap-codec-1.5.5.tgz", {}, "sha512-cYQ9310grqxueWbl+WuIUIaiUaDcj7WOq5fVhEljNVgRfOUhY9fy2zTvfoqWsnebh8Sl70VScFbICvJnLKB0Og=="],

    "@opentelemetry/api": ["@opentelemetry/api@1.9.0", "https://registry.npmmirror.com/@opentelemetry/api/-/api-1.9.0.tgz", {}, "sha512-3giAOQvZiH5F9bMlMiv8+GSPMeqg0dbaeo58/0SlA9sxSqZhnUtxzX9/2FzyhS9sWQf5S0GJE0AKBrFqjpeYcg=="],

    "@oxc-project/types": ["@oxc-project/types@0.142.0", "https://registry.npmmirror.com/@oxc-project/types/-/types-0.142.0.tgz", {}, "sha512-7W+2q5AKQVU36fkaryontrHn3YDt1RyUYXatw9i5H8ocYe2sPKSFB6eS8WNPeRKiN1qAWWZUPm7gwFzJGrccqQ=="],

    "@oxlint/binding-android-arm-eabi": ["@oxlint/binding-android-arm-eabi@1.77.0", "https://registry.npmmirror.com/@oxlint/binding-android-arm-eabi/-/binding-android-arm-eabi-1.77.0.tgz", { "os": "android", "cpu": "arm" }, "sha512-E06sKWS6PiI6HRxS1wyQg22HvApt01hI7fV+T3wUk3OSbaaP4a3hYGY/MIQDmASqCiRjBdpRQYkgMkqH82cWmQ=="],

    "@oxlint/binding-android-arm64": ["@oxlint/binding-android-arm64@1.77.0", "https://registry.npmmirror.com/@oxlint/binding-android-arm64/-/binding-android-arm64-1.77.0.tgz", { "os": "android", "cpu": "arm64" }, "sha512-NvsKz0KZxTp9cYWPLf+FXaSZwB3oO3peAjtukpOMBgse2vhQSoIIVqeO1yR0lEo/UcdZIDL18uq+kL0LzQ0ytA=="],

    "@oxlint/binding-darwin-arm64": ["@oxlint/binding-darwin-arm64@1.77.0", "https://registry.npmmirror.com/@oxlint/binding-darwin-arm64/-/binding-darwin-arm64-1.77.0.tgz", { "os": "darwin", "cpu": "arm64" }, "sha512-bgjTn6nW4bQCFBvSvuHCpDD+sONvmpo4lGI4PxzMt1quBA+xYxhczk6RiCn3GZ9gY8uhaBbwhj9MdKGfu6T9DA=="],

    "@oxlint/binding-darwin-x64": ["@oxlint/binding-darwin-x64@1.77.0", "https://registry.npmmirror.com/@oxlint/binding-darwin-x64/-/binding-darwin-x64-1.77.0.tgz", { "os": "darwin", "cpu": "x64" }, "sha512-aotaIttH1R6j1Rwhx0M0htgeZyGtVQqYNTVEYMN/UcgHPquGA6kmk9OyuDc3a2GKUQBC+3C3GVQCcrRPMYqAFA=="],

    "@oxlint/binding-freebsd-x64": ["@oxlint/binding-freebsd-x64@1.77.0", "https://registry.npmmirror.com/@oxlint/binding-freebsd-x64/-/binding-freebsd-x64-1.77.0.tgz", { "os": "freebsd", "cpu": "x64" }, "sha512-nNx/wta7ksRAdYvq+l4AWjXkLxEXHALhENxjj2cYbQAIR4ybaA5L+hCbE63HOmft5czQ6ks+hb8vmEAnn7YGPg=="],

    "@oxlint/binding-linux-arm-gnueabihf": ["@oxlint/binding-linux-arm-gnueabihf@1.77.0", "https://registry.npmmirror.com/@oxlint/binding-linux-arm-gnueabihf/-/binding-linux-arm-gnueabihf-1.77.0.tgz", { "os": "linux", "cpu": "arm" }, "sha512-tMLLjM7xXtzXisVCzkOTXNCy9bZVId2wteNwjohlFDR/jY6WagpEDA1c1wu4xRc20Hojaxj+V6DSR7gbKxijWA=="],

    "@oxlint/binding-linux-arm-musleabihf": ["@oxlint/binding-linux-arm-musleabihf@1.77.0", "https://registry.npmmirror.com/@oxlint/binding-linux-arm-musleabihf/-/binding-linux-arm-musleabihf-1.77.0.tgz", { "os": "linux", "cpu": "arm" }, "sha512-MiAFDFaqR0tmHTAyo0YDcZ5hyLREdYw/RQhc2R3cbT+8O3tB+zqPM2th9TTQ+Uo3jn/embS+DO+HyX9ztCPkOQ=="],

    "@oxlint/binding-linux-arm64-gnu": ["@oxlint/binding-linux-arm64-gnu@1.77.0", "https://registry.npmmirror.com/@oxlint/binding-linux-arm64-gnu/-/binding-linux-arm64-gnu-1.77.0.tgz", { "os": "linux", "cpu": "arm64" }, "sha512-/xqQ3B16i1T4cyt/9Mn+4CpzhUXoBXp7kVpIwzOXNFLj5JmK1bIjsbSnX296Gg8A/o7oDtKWikFgBx0SLwztkw=="],

    "@oxlint/binding-linux-arm64-musl": ["@oxlint/binding-linux-arm64-musl@1.77.0", "https://registry.npmmirror.com/@oxlint/binding-linux-arm64-musl/-/binding-linux-arm64-musl-1.77.0.tgz", { "os": "linux", "cpu": "arm64" }, "sha512-LSbwuRKiNCenPDcbARqAZ5RfBy7gmj7vOvfJRLeCDU3gFtSxWbhv/+VTlaUqzUhNj1gFLHB8h7ALnxa/Az6z6g=="],

    "@oxlint/binding-linux-ppc64-gnu": ["@oxlint/binding-linux-ppc64-gnu@1.77.0", "https://registry.npmmirror.com/@oxlint/binding-linux-ppc64-gnu/-/binding-linux-ppc64-gnu-1.77.0.tgz", { "os": "linux", "cpu": "ppc64" }, "sha512-QWdcH31mXEUe5Nq1s0CfCpceaKjIo9uZtwDjAuL681g1axf+5x8xrg/eXWaw//4NCxYZ4V4e5Hu5tvdR+pTBlg=="],

    "@oxlint/binding-linux-riscv64-gnu": ["@oxlint/binding-linux-riscv64-gnu@1.77.0", "https://registry.npmmirror.com/@oxlint/binding-linux-riscv64-gnu/-/binding-linux-riscv64-gnu-1.77.0.tgz", { "os": "linux", "cpu": "none" }, "sha512-GnOfYgJxbcElOiPZaDFDl406ONddwvOWk2jvAAAEjwAl4GofNoHF+/HHUIBYa6bFCArlcGPi0XjC4cU1pkgF/Q=="],

    "@oxlint/binding-linux-riscv64-musl": ["@oxlint/binding-linux-riscv64-musl@1.77.0", "https://registry.npmmirror.com/@oxlint/binding-linux-riscv64-musl/-/binding-linux-riscv64-musl-1.77.0.tgz", { "os": "linux", "cpu": "none" }, "sha512-AyEMTUCf0xY+hHF+IxqXFQIX0yQOIR8ykpY0lJNOw9xYqOzUX8dyZfRvlG0RfXwuQn2eonf/8NrMmDSZJjdqsA=="],

    "@oxlint/binding-linux-s390x-gnu": ["@oxlint/binding-linux-s390x-gnu@1.77.0", "https://registry.npmmirror.com/@oxlint/binding-linux-s390x-gnu/-/binding-linux-s390x-gnu-1.77.0.tgz", { "os": "linux", "cpu": "s390x" }, "sha512-sPLzEcNvxd/oyVQ5oZo92CiHkFkpBeRop13E/P3TPY+hZfXHKCOWKI70TE2RYwMKFJDc20EMjH16L7NZICtKTw=="],

    "@oxlint/binding-linux-x64-gnu": ["@oxlint/binding-linux-x64-gnu@1.77.0", "https://registry.npmmirror.com/@oxlint/binding-linux-x64-gnu/-/binding-linux-x64-gnu-1.77.0.tgz", { "os": "linux", "cpu": "x64" }, "sha512-1Oh2ssH2L7lwyvkdSqaMUfsGfwU2Wfvew+obBUYjRVqhpBcUpwnsPSEr1IzVi9XqkuY10geiLsNKecqaZC34Dw=="],

    "@oxlint/binding-linux-x64-musl": ["@oxlint/binding-linux-x64-musl@1.77.0", "https://registry.npmmirror.com/@oxlint/binding-linux-x64-musl/-/binding-linux-x64-musl-1.77.0.tgz", { "os": "linux", "cpu": "x64" }, "sha512-0j/2wRgNGO+Qj/M1uu/p57h/hFTTWWcfie0ufkbabeus2s5+/QqkCflnMOwLLN5m2GsNeWp4xdl4cPa4n7QCOQ=="],

    "@oxlint/binding-openharmony-arm64": ["@oxlint/binding-openharmony-arm64@1.77.0", "https://registry.npmmirror.com/@oxlint/binding-openharmony-arm64/-/binding-openharmony-arm64-1.77.0.tgz", { "os": "none", "cpu": "arm64" }, "sha512-BJ/j54qS0usEnyDkLYURMj2iiD9h5Cyy+ppzeMSXBGRXaGRNWnj1Mw14NqWMR5E/PzdgB30OOCCzLzbRoduafw=="],

    "@oxlint/binding-win32-arm64-msvc": ["@oxlint/binding-win32-arm64-msvc@1.77.0", "https://registry.npmmirror.com/@oxlint/binding-win32-arm64-msvc/-/binding-win32-arm64-msvc-1.77.0.tgz", { "os": "win32", "cpu": "arm64" }, "sha512-Yh8w+g2Lpx7StrvtYkoz9JJvXjB9wxgFChFNb85nrXm/wj/XTwGWS1hve9+900HL7llrntYB3YP+y32E3tRqzA=="],

    "@oxlint/binding-win32-ia32-msvc": ["@oxlint/binding-win32-ia32-msvc@1.77.0", "https://registry.npmmirror.com/@oxlint/binding-win32-ia32-msvc/-/binding-win32-ia32-msvc-1.77.0.tgz", { "os": "win32", "cpu": "ia32" }, "sha512-zja5b7+6a7UsRFgAQSrnax5vrzliEyNPLCjfXONu/vTWswaIVZGFajJZptaeRvPE4LghtFdAzVFlexTm7MVTGA=="],

    "@oxlint/binding-win32-x64-msvc": ["@oxlint/binding-win32-x64-msvc@1.77.0", "https://registry.npmmirror.com/@oxlint/binding-win32-x64-msvc/-/binding-win32-x64-msvc-1.77.0.tgz", { "os": "win32", "cpu": "x64" }, "sha512-+teyvPDZ2RjUvo+SuCqS/UhaJl1QtdW5fWT5NJTV61V5MIuIS90Db9LixmtEGvXixyttiK62P96MSu3UlpviBw=="],

    "@rolldown/binding-android-arm64": ["@rolldown/binding-android-arm64@1.2.2", "https://registry.npmmirror.com/@rolldown/binding-android-arm64/-/binding-android-arm64-1.2.2.tgz", { "os": "android", "cpu": "arm64" }, "sha512-l7x215OGvo1s52JWmR8U/DAVzEDWBCIbTm28aeJV/WDTSHgcKXaZTuBT0hJMs5NggilfJTW3clZVvd24yfKJxA=="],

    "@rolldown/binding-darwin-arm64": ["@rolldown/binding-darwin-arm64@1.2.2", "https://registry.npmmirror.com/@rolldown/binding-darwin-arm64/-/binding-darwin-arm64-1.2.2.tgz", { "os": "darwin", "cpu": "arm64" }, "sha512-9u9Xv6c1AJZT0FfwH5vrMG5Jjcwhc1MlyrPu0XfTqkzsmqfks2M6W/o5XwAJgVVN/jHpqqngC1WevHKKTIUtIA=="],

    "@rolldown/binding-darwin-x64": ["@rolldown/binding-darwin-x64@1.2.2", "https://registry.npmmirror.com/@rolldown/binding-darwin-x64/-/binding-darwin-x64-1.2.2.tgz", { "os": "darwin", "cpu": "x64" }, "sha512-9W1mbGZAfW3oqd85bhBkmpyHCCzL1TeG/zFFP3vg7b0rlly8cxOcre5nXwz+LHazCwac2MNWgPdPCHndABjpWQ=="],

    "@rolldown/binding-freebsd-x64": ["@rolldown/binding-freebsd-x64@1.2.2", "https://registry.npmmirror.com/@rolldown/binding-freebsd-x64/-/binding-freebsd-x64-1.2.2.tgz", { "os": "freebsd", "cpu": "x64" }, "sha512-0p1lhiCSCyaerFwtrdZQUx7NqGk6LQnaRKWX7tFQqwQgvX0rjM15cIkm3pax1UpEakK14C4mOxx/jSqCBdBRqQ=="],

    "@rolldown/binding-linux-arm-gnueabihf": ["@rolldown/binding-linux-arm-gnueabihf@1.2.2", "https://registry.npmmirror.com/@rolldown/binding-linux-arm-gnueabihf/-/binding-linux-arm-gnueabihf-1.2.2.tgz", { "os": "linux", "cpu": "arm" }, "sha512-e+cOJXrJ2L3zx6YzqPg+f6Wbk3V1cKB8bOhbaYdVYN3DdquzNdRAmrbETz1qnt5yp/c7JNlNjmITiA2cVneQ7w=="],

    "@rolldown/binding-linux-arm64-gnu": ["@rolldown/binding-linux-arm64-gnu@1.2.2", "https://registry.npmmirror.com/@rolldown/binding-linux-arm64-gnu/-/binding-linux-arm64-gnu-1.2.2.tgz", { "os": "linux", "cpu": "arm64" }, "sha512-JsSMsj6sNat/MuhG5fnBD7QgbtpHKVe30x5/bAVirDHdhoQRXJkF6xc0Jqk8O4fiCUQAzMOoH9wZi3m60c8wtg=="],

    "@rolldown/binding-linux-arm64-musl": ["@rolldown/binding-linux-arm64-musl@1.2.2", "https://registry.npmmirror.com/@rolldown/binding-linux-arm64-musl/-/binding-linux-arm64-musl-1.2.2.tgz", { "os": "linux", "cpu": "arm64" }, "sha512-B5G/zJdHaoJn9vD50eGHWkiWfmq8Uhi3IiLPJTzmZTrAalk1bztUikSXo0qga18ibE0IXboyeMUnhPjhAJ45wQ=="],

    "@rolldown/binding-linux-ppc64-gnu": ["@rolldown/binding-linux-ppc64-gnu@1.2.2", "https://registry.npmmirror.com/@rolldown/binding-linux-ppc64-gnu/-/binding-linux-ppc64-gnu-1.2.2.tgz", { "os": "linux", "cpu": "ppc64" }, "sha512-6mC/awzKka8W6EoekjegpfGkjz8jXWDX63pqu/HYVpyKtZfu65Jsh4QAH3Kej3CAv/c1oGX7psTmFEbr0mDxLA=="],

    "@rolldown/binding-linux-s390x-gnu": ["@rolldown/binding-linux-s390x-gnu@1.2.2", "https://registry.npmmirror.com/@rolldown/binding-linux-s390x-gnu/-/binding-linux-s390x-gnu-1.2.2.tgz", { "os": "linux", "cpu": "s390x" }, "sha512-412MX9fJLdA1IK28EZnc8jYv2HRTleOZgfLQumJ5zy7OeJLZlg/CETwFaXjNmGVxG51cFHpKLqb5LKvBC+HsHA=="],

    "@rolldown/binding-linux-x64-gnu": ["@rolldown/binding-linux-x64-gnu@1.2.2", "https://registry.npmmirror.com/@rolldown/binding-linux-x64-gnu/-/binding-linux-x64-gnu-1.2.2.tgz", { "os": "linux", "cpu": "x64" }, "sha512-Q/+HI/ToJafZ1iCqGgVQXUEkIjufHCTF0gBQ2a5o3cg7GJ2h0qyq3nvvSmU+bGda2/7ygXpTY4TM6gO9OhQ0ZA=="],

    "@rolldown/binding-linux-x64-musl": ["@rolldown/binding-linux-x64-musl@1.2.2", "https://registry.npmmirror.com/@rolldown/binding-linux-x64-musl/-/binding-linux-x64-musl-1.2.2.tgz", { "os": "linux", "cpu": "x64" }, "sha512-ZKp/w41n6wCvxzxQHtQSbuphfX3Y4cCvbjkKHusrLx4lh+JWLTU7StSltO/DKARISzbj368d+qUaCjI8K2wzXw=="],

    "@rolldown/binding-openharmony-arm64": ["@rolldown/binding-openharmony-arm64@1.2.2", "https://registry.npmmirror.com/@rolldown/binding-openharmony-arm64/-/binding-openharmony-arm64-1.2.2.tgz", { "os": "none", "cpu": "arm64" }, "sha512-pxE6xD4KS3eAROkKK5yrhB9/3+vhlhVGMvlQLbdpzrBGDbKrnzx3RLwPaHvasLo6jgaiBLn7e04Df9C4tYhjmA=="],

    "@rolldown/binding-win32-arm64-msvc": ["@rolldown/binding-win32-arm64-msvc@1.2.2", "https://registry.npmmirror.com/@rolldown/binding-win32-arm64-msvc/-/binding-win32-arm64-msvc-1.2.2.tgz", { "os": "win32", "cpu": "arm64" }, "sha512-4MqEue5re+xIZzAWsB8sj0P1kqZySWqIuN4t6QaIO/YA6SFwySOLruvWQFzfmqk8LBK2P30KCSJwf6mJCZZ5/A=="],

    "@rolldown/binding-win32-x64-msvc": ["@rolldown/binding-win32-x64-msvc@1.2.2", "https://registry.npmmirror.com/@rolldown/binding-win32-x64-msvc/-/binding-win32-x64-msvc-1.2.2.tgz", { "os": "win32", "cpu": "x64" }, "sha512-NweNxxD0Nf9t8v7kodun45Ijp3EIwYY+uydPP6qBEYvfBqhIjN6dZMzlQja3tqX/aLs3F3Uz+AxDpKgRhpOZQg=="],

    "@rolldown/pluginutils": ["@rolldown/pluginutils@1.0.1", "https://registry.npmmirror.com/@rolldown/pluginutils/-/pluginutils-1.0.1.tgz", {}, "sha512-2j9bGt5Jh8hj+vPtgzPtl72j0yRxHAyumoo6TNfAjsLB04UtpSvPbPcDcBMxz7n+9CYB0c1GxQFxYRg2jimqGw=="],

    "@standard-schema/spec": ["@standard-schema/spec@1.1.0", "https://registry.npmmirror.com/@standard-schema/spec/-/spec-1.1.0.tgz", {}, "sha512-l2aFy5jALhniG5HgqrD6jXLi/rUWrKvqN/qJx6yoJsgKhblVd+iqqU4RCXavm/jPityDo5TCvKMnpjKnOriy0w=="],

    "@tau/action": ["@tau/action@workspace:packages/action"],

    "@tau/app": ["@tau/app@workspace:packages/app"],

    "@tau/contract": ["@tau/contract@workspace:packages/contract"],

    "@tau/enhance": ["@tau/enhance@workspace:packages/enhance"],

    "@tau/eval": ["@tau/eval@workspace:packages/eval"],

    "@tau/llm": ["@tau/llm@workspace:packages/llm"],

    "@tau/orchestrate": ["@tau/orchestrate@workspace:packages/orchestrate"],

    "@tau/session": ["@tau/session@workspace:packages/session"],

    "@tau/store": ["@tau/store@workspace:packages/store"],

    "@tau/surface": ["@tau/surface@workspace:packages/surface"],

    "@tau/tui": ["@tau/tui@workspace:packages/tui"],

    "@types/bun": ["@types/bun@1.3.13", "https://registry.npmmirror.com/@types/bun/-/bun-1.3.13.tgz", { "dependencies": { "bun-types": "1.3.13" } }, "sha512-9fqXWk5YIHGGnUau9TEi+qdlTYDAnOj+xLCmSTwXfAIqXr2x4tytJb43E9uCvt09zJURKXwAtkoH4nLQfzeTXw=="],

    "@types/chai": ["@types/chai@5.2.3", "https://registry.npmmirror.com/@types/chai/-/chai-5.2.3.tgz", { "dependencies": { "@types/deep-eql": "*", "assertion-error": "^2.0.1" } }, "sha512-Mw558oeA9fFbv65/y4mHtXDs9bPnFMZAL/jxdPFUpOHHIXX91mcgEHbS5Lahr+pwZFR8A7GQleRWeI6cGFC2UA=="],

    "@types/deep-eql": ["@types/deep-eql@4.0.2", "https://registry.npmmirror.com/@types/deep-eql/-/deep-eql-4.0.2.tgz", {}, "sha512-c9h9dVVMigMPc4bwTvC5dxqtqJZwQPePsWjPlpSOnojbor6pGqdk541lfA7AqFQr5pB1BRdq0juY9db81BwyFw=="],

    "@types/estree": ["@types/estree@1.0.9", "https://registry.npmmirror.com/@types/estree/-/estree-1.0.9.tgz", {}, "sha512-GhdPgy1el4/ImP05X05Uw4cw2/M93BCUmnEvWZNStlCzEKME4Fkk+YpoA5OiHNQmoS7Cafb8Xa3Pya8m1Qrzeg=="],

    "@types/node": ["@types/node@26.1.2", "https://registry.npmmirror.com/@types/node/-/node-26.1.2.tgz", { "dependencies": { "undici-types": "~8.3.0" } }, "sha512-Vu4a5UFA9rIIFJ7rB/Vaafh9lrCQszopTCx6KjFboXTGQbPNasehVR5TEiithSDGyd1DEiUByggTZsg8jukeIg=="],

    "@vercel/oidc": ["@vercel/oidc@3.2.0", "https://registry.npmmirror.com/@vercel/oidc/-/oidc-3.2.0.tgz", {}, "sha512-UycprH3T6n3jH0k44NHMa7pnFHGu/N05MjojYr+Mc6I7obkoLIJujSWwin1pCvdy/eOxrI/l3uDLQsmcrOb4ug=="],

    "@vitest/expect": ["@vitest/expect@4.1.9", "https://registry.npmmirror.com/@vitest/expect/-/expect-4.1.9.tgz", { "dependencies": { "@standard-schema/spec": "^1.1.0", "@types/chai": "^5.2.2", "@vitest/spy": "4.1.9", "@vitest/utils": "4.1.9", "chai": "^6.2.2", "tinyrainbow": "^3.1.0" } }, "sha512-vl/rYsUKcBr3SnQn166+XR5ZQcgMx3DQhFWdfli/cWpLnLUmbxZvyrJZotLFUryib+LtArYMSTJ5RbQ57ZqrlA=="],

    "@vitest/mocker": ["@vitest/mocker@4.1.9", "https://registry.npmmirror.com/@vitest/mocker/-/mocker-4.1.9.tgz", { "dependencies": { "@vitest/spy": "4.1.9", "estree-walker": "^3.0.3", "magic-string": "^0.30.21" }, "peerDependencies": { "msw": "^2.4.9", "vite": "^6.0.0 || ^7.0.0 || ^8.0.0" }, "optionalPeers": ["msw", "vite"] }, "sha512-EVkXzBjrPGM+cK8/ANWgBrkUCfJfb38/EfTSO8h7pWvKkyPkpWxvR7BkD2MyItMF62C97zAEoqdpUixwR/e+Rw=="],

    "@vitest/pretty-format": ["@vitest/pretty-format@4.1.9", "https://registry.npmmirror.com/@vitest/pretty-format/-/pretty-format-4.1.9.tgz", { "dependencies": { "tinyrainbow": "^3.1.0" } }, "sha512-s0iufns3iIFitdgm+YR7g1whCAaGtXz459VS9/PqyKDEEFgYIhsHOQmXgIgDuYCt7DeQmiZT0Qe2OA2p4ZPu5A=="],

    "@vitest/runner": ["@vitest/runner@4.1.9", "https://registry.npmmirror.com/@vitest/runner/-/runner-4.1.9.tgz", { "dependencies": { "@vitest/utils": "4.1.9", "pathe": "^2.0.3" } }, "sha512-KXLMDtc7oe70+3mJfGrPUWPesswH+3sTxAMAMl8DG7I8IUQT4XW718dY5ID3vPUcmlu27CcKfY4P3h3I29SLJg=="],

    "@vitest/snapshot": ["@vitest/snapshot@4.1.9", "https://registry.npmmirror.com/@vitest/snapshot/-/snapshot-4.1.9.tgz", { "dependencies": { "@vitest/pretty-format": "4.1.9", "@vitest/utils": "4.1.9", "magic-string": "^0.30.21", "pathe": "^2.0.3" } }, "sha512-Jc7RKGNBo8Z28WYIm0Niej4xdSPByRf6mU58VpHQkd6Zh05rlnA+twjbK5HyeIGHxrzsc3mJgS43uM0CZKzaIA=="],

    "@vitest/spy": ["@vitest/spy@4.1.9", "https://registry.npmmirror.com/@vitest/spy/-/spy-4.1.9.tgz", {}, "sha512-fHpsS6mIi+PiEW+vcRVOMkX1oSaPKne3VOclSFICPcGOmfKgXPU5iAah+wcNcj2xPrCCmfq99IDGf+EojhhvhA=="],

    "@vitest/utils": ["@vitest/utils@4.1.9", "https://registry.npmmirror.com/@vitest/utils/-/utils-4.1.9.tgz", { "dependencies": { "@vitest/pretty-format": "4.1.9", "convert-source-map": "^2.0.0", "tinyrainbow": "^3.1.0" } }, "sha512-A51o8ymO5PpqlWNnBP9ZHPXDIpuMtTLlGSjN7la4US+LJzoUMyhwjA5QXlm39JexgwHKW4Xjs8Z2d3dLCXOeuA=="],

    "@workflow/serde": ["@workflow/serde@4.1.0", "https://registry.npmmirror.com/@workflow/serde/-/serde-4.1.0.tgz", {}, "sha512-pav4F2BoirECWR7Nf1TKt+2eETcBj7jj4cBefQ8VXQCA6NPkaKeLfj/zMgi+3zYV5ZIBT4GuUiphsj0/b9hPQQ=="],

    "ai": ["ai@7.0.51", "https://registry.npmmirror.com/ai/-/ai-7.0.51.tgz", { "dependencies": { "@ai-sdk/gateway": "4.0.40", "@ai-sdk/provider": "4.0.5", "@ai-sdk/provider-utils": "5.0.20" }, "peerDependencies": { "zod": "^3.25.76 || ^4.1.8" } }, "sha512-yyxSDZmlpTZs2oepyjzHMXrPk0mJ2ITpw8TfXYiF53yo0WkQJ1qm6MbpUiYclh640D35nNJ8bq57RffSrX+Qzg=="],

    "assertion-error": ["assertion-error@2.0.1", "https://registry.npmmirror.com/assertion-error/-/assertion-error-2.0.1.tgz", {}, "sha512-Izi8RQcffqCeNVgFigKli1ssklIbpHnCYc6AknXGYoB6grJqyeby7jv12JUQgmTAnIDnbck1uxksT4dzN3PWBA=="],

    "balanced-match": ["balanced-match@4.0.4", "https://registry.npmmirror.com/balanced-match/-/balanced-match-4.0.4.tgz", {}, "sha512-BLrgEcRTwX2o6gGxGOCNyMvGSp35YofuYzw9h1IMTRmKqttAZZVU67bdb9Pr2vUHA8+j3i2tJfjO6C6+4myGTA=="],

    "brace-expansion": ["brace-expansion@5.0.9", "https://registry.npmmirror.com/brace-expansion/-/brace-expansion-5.0.9.tgz", { "dependencies": { "balanced-match": "^4.0.2" } }, "sha512-ScQ4IuvIEF1TMlP7Zt+vjJ//9zlPb2SDcxWxM3bk8s6t6GGdJ7KO1dCcTidOPJKePW30LE/2cT7wCyPho9/Wxg=="],

    "bun-types": ["bun-types@1.3.13", "https://registry.npmmirror.com/bun-types/-/bun-types-1.3.13.tgz", { "dependencies": { "@types/node": "*" } }, "sha512-QXKeHLlOLqQX9LgYaHJfzdBaV21T63HhFJnvuRCcjZiaUDpbs5ED1MgxbMra71CsryN/1dAoXuJJJwIv/2drVA=="],

    "chai": ["chai@6.2.2", "https://registry.npmmirror.com/chai/-/chai-6.2.2.tgz", {}, "sha512-NUPRluOfOiTKBKvWPtSD4PhFvWCqOi0BGStNWs57X9js7XGTprSmFoz5F0tWhR4WPjNeR9jXqdC7/UpSJTnlRg=="],

    "chalk": ["chalk@5.6.2", "https://registry.npmmirror.com/chalk/-/chalk-5.6.2.tgz", {}, "sha512-7NzBL0rN6fMUW+f7A6Io4h40qQlG+xGmtMxfbnH/K7TAtt8JQWVQK+6g0UXKMeVJoyV5EkkNsErQ8pVD3bLHbA=="],

    "convert-source-map": ["convert-source-map@2.0.0", "https://registry.npmmirror.com/convert-source-map/-/convert-source-map-2.0.0.tgz", {}, "sha512-Kvp459HrV2FEJ1CAsi1Ku+MY3kasH19TFykTz2xWmMeq6bk2NU3XXvfJ+Q61m0xktWwt+1HSYf3JZsTms3aRJg=="],

    "detect-libc": ["detect-libc@2.1.2", "https://registry.npmmirror.com/detect-libc/-/detect-libc-2.1.2.tgz", {}, "sha512-Btj2BOOO83o3WyH59e8MgXsxEQVcarkUOpEYrubB0urwnN10yQ364rsiByU11nZlqWYZm05i/of7io4mzihBtQ=="],

    "diff": ["diff@8.0.2", "https://registry.npmmirror.com/diff/-/diff-8.0.2.tgz", {}, "sha512-sSuxWU5j5SR9QQji/o2qMvqRNYRDOcBTgsJ/DeCf4iSN4gW+gNMXM7wFIP+fdXZxoNiAnHUTGjCr+TSWXdRDKg=="],

    "drizzle-orm": ["drizzle-orm@1.0.0-rc.2", "https://registry.npmmirror.com/drizzle-orm/-/drizzle-orm-1.0.0-rc.2.tgz", { "peerDependencies": { "@aws-sdk/client-rds-data": ">=3", "@cloudflare/workers-types": ">=4", "@effect/sql-pg": ">=4.0.0-beta.58 || >=4.0.0", "@electric-sql/pglite": ">=0.2.0", "@libsql/client": ">=0.10.0", "@libsql/client-wasm": ">=0.10.0", "@neondatabase/serverless": ">=0.10.0", "@op-engineering/op-sqlite": ">=2", "@opentelemetry/api": "^1.4.1", "@planetscale/database": ">=1.13", "@sinclair/typebox": ">=0.34.8", "@sqlitecloud/drivers": ">=1.0.653", "@tidbcloud/serverless": "*", "@tursodatabase/database": ">=0.2.1", "@tursodatabase/database-common": ">=0.2.1", "@tursodatabase/database-wasm": ">=0.2.1", "@types/better-sqlite3": "*", "@types/mssql": "^9.1.4", "@types/pg": "*", "@types/sql.js": "*", "@upstash/redis": ">=1.34.7", "@vercel/postgres": ">=0.8.0", "@xata.io/client": "*", "arktype": ">=2.0.0", "better-sqlite3": ">=9.3.0", "bun-types": "*", "effect": ">=4.0.0-beta.58 || >=4.0.0", "expo-sqlite": ">=14.0.0", "mssql": "^11.0.1", "mysql2": ">=2", "pg": ">=8", "postgres": ">=3", "sql.js": ">=1", "sqlite3": ">=5", "typebox": ">=1.0.0", "valibot": ">=1.0.0-beta.7", "zod": "^3.25.0 || ^4.0.0" }, "optionalPeers": ["@aws-sdk/client-rds-data", "@cloudflare/workers-types", "@effect/sql-pg", "@electric-sql/pglite", "@libsql/client", "@libsql/client-wasm", "@neondatabase/serverless", "@op-engineering/op-sqlite", "@opentelemetry/api", "@planetscale/database", "@sinclair/typebox", "@sqlitecloud/drivers", "@tidbcloud/serverless", "@tursodatabase/database", "@tursodatabase/database-common", "@tursodatabase/database-wasm", "@types/better-sqlite3", "@types/mssql", "@types/pg", "@types/sql.js", "@upstash/redis", "@vercel/postgres", "@xata.io/client", "arktype", "better-sqlite3", "bun-types", "effect", "expo-sqlite", "mssql", "mysql2", "pg", "postgres", "sql.js", "sqlite3", "typebox", "valibot", "zod"] }, "sha512-UXYDkbplF5wX0hwxll+80QhEwUvAJLBu+tAK/d4fna18kLE6VuliAzufF/ieDEIJeSnLRYgtmsXD6x1Xuy1kIg=="],

    "es-module-lexer": ["es-module-lexer@2.3.1", "https://registry.npmmirror.com/es-module-lexer/-/es-module-lexer-2.3.1.tgz", {}, "sha512-shc1dbU90Yl/xq1QrC7QRtfcwURZuVRfPhZbDoldJ1cn1gzDvBaBWlv0eFolj5+0znnPJz5TXLxsN77X/12KTA=="],

    "estree-walker": ["estree-walker@3.0.3", "https://registry.npmmirror.com/estree-walker/-/estree-walker-3.0.3.tgz", { "dependencies": { "@types/estree": "^1.0.0" } }, "sha512-7RUKfXgSMMkzt6ZuXmqapOurLGPPfgj6l9uRZ7lRGolvk0y2yocc35LdcxKC5PQZdn2DMqioAQ2NoWcrTKmm6g=="],

    "eventsource-parser": ["eventsource-parser@3.1.0", "https://registry.npmmirror.com/eventsource-parser/-/eventsource-parser-3.1.0.tgz", {}, "sha512-kJezFj9YFAMLeORyi7aCLxLbD5/qWMQnoMVlVPyHIll7lgRJCc3JVln9Vgl9nwQi0YkMnhdGTMNn7CkRRAptMg=="],

    "expect-type": ["expect-type@1.4.0", "https://registry.npmmirror.com/expect-type/-/expect-type-1.4.0.tgz", {}, "sha512-KfYbmpRm0VbLjEvVa9yGwCi9GI34xvi7A/HXYWQO65CSD2u3MczUJSuwXKFIxlGsgBQizV9q5J9NHj4VG0n+pA=="],

    "fdir": ["fdir@6.5.0", "https://registry.npmmirror.com/fdir/-/fdir-6.5.0.tgz", { "peerDependencies": { "picomatch": "^3 || ^4" }, "optionalPeers": ["picomatch"] }, "sha512-tIbYtZbucOs0BRGqPJkshJUYdL+SDH7dVM8gjy+ERp3WAUjLEFJE+02kanyHtwjWOnwrKYBiwAmM0p4kLJAnXg=="],

    "fsevents": ["fsevents@2.3.3", "https://registry.npmmirror.com/fsevents/-/fsevents-2.3.3.tgz", { "os": "darwin" }, "sha512-5xoDfX+fL7faATnagmWPpbFtwh/R77WmMMqqHGS65C3vvB0YHrgF+B1YmZ3441tMj5n63k0212XNoJwzlhffQw=="],

    "get-east-asian-width": ["get-east-asian-width@1.6.0", "https://registry.npmmirror.com/get-east-asian-width/-/get-east-asian-width-1.6.0.tgz", {}, "sha512-QRbvDIbx6YklUe6RxeTeleMR0yv3cYH6PsPZHcnVn7xv7zO1BHN8r0XETu8n6Ye3Q+ahtSarc3WgtNWmehIBfA=="],

    "hono": ["hono@4.13.0", "https://registry.npmmirror.com/hono/-/hono-4.13.0.tgz", {}, "sha512-jhunvfHWxd7J5EFfSgH4xsYJzSe/lfqbUCxiyyeaQasUsXeEHXtzVid+7EOGByc5JnFa23SSFL3Y2RV/z1T+eQ=="],

    "ignore": ["ignore@7.0.5", "https://registry.npmmirror.com/ignore/-/ignore-7.0.5.tgz", {}, "sha512-Hs59xBNfUIunMFgWAbGX5cq6893IbWg4KnrjbYwX3tx0ztorVgTDA6B2sxf8ejHJ4wz8BqGUMYlnzNBer5NvGg=="],

    "json-schema": ["json-schema@0.4.0", "https://registry.npmmirror.com/json-schema/-/json-schema-0.4.0.tgz", {}, "sha512-es94M3nTIfsEPisRafak+HDLfHXnKBhV3vU5eqPcS3flIWqcxJWgXHXiey3YrpaNsanY5ei1VoYEbOzijuq9BA=="],

    "lightningcss": ["lightningcss@1.33.0", "https://registry.npmmirror.com/lightningcss/-/lightningcss-1.33.0.tgz", { "dependencies": { "detect-libc": "^2.0.3" }, "optionalDependencies": { "lightningcss-android-arm64": "1.33.0", "lightningcss-darwin-arm64": "1.33.0", "lightningcss-darwin-x64": "1.33.0", "lightningcss-freebsd-x64": "1.33.0", "lightningcss-linux-arm-gnueabihf": "1.33.0", "lightningcss-linux-arm64-gnu": "1.33.0", "lightningcss-linux-arm64-musl": "1.33.0", "lightningcss-linux-x64-gnu": "1.33.0", "lightningcss-linux-x64-musl": "1.33.0", "lightningcss-win32-arm64-msvc": "1.33.0", "lightningcss-win32-x64-msvc": "1.33.0" } }, "sha512-WkUDrojuJs0xkgGf2udWxa3yGBRxPtxUkB79i6aCZLRgc7PM8fZe9TosfPDcvEpQZbuFASnHYmRLBLUbmLOIIA=="],

    "lightningcss-android-arm64": ["lightningcss-android-arm64@1.33.0", "https://registry.npmmirror.com/lightningcss-android-arm64/-/lightningcss-android-arm64-1.33.0.tgz", { "os": "android", "cpu": "arm64" }, "sha512-gEpRTalKdosp4Bb8qWtc2iOgE5SeIHlpS1up9bFq2wAyYhl1UdTObYiHe98zEM9SQvSoqQZ1IQD0JNpg3Ml5pg=="],

    "lightningcss-darwin-arm64": ["lightningcss-darwin-arm64@1.33.0", "https://registry.npmmirror.com/lightningcss-darwin-arm64/-/lightningcss-darwin-arm64-1.33.0.tgz", { "os": "darwin", "cpu": "arm64" }, "sha512-Sciaz8eenNTKn9b3t7+xr0ipTp9YxKQY4npwQ3mrRuL0BAVHBLyZxofhaKBAVtzmtRZ/zTyo0/to4B1uWG/Djg=="],

    "lightningcss-darwin-x64": ["lightningcss-darwin-x64@1.33.0", "https://registry.npmmirror.com/lightningcss-darwin-x64/-/lightningcss-darwin-x64-1.33.0.tgz", { "os": "darwin", "cpu": "x64" }, "sha512-Z5UPAxzrjlWNNyGy6i65cJzzvgJ5D3T6wMvs+gWpY9d7qRhANrxqAp6LhxIgZhWEw18RfJTGcRxjuLIBr+m8XQ=="],

    "lightningcss-freebsd-x64": ["lightningcss-freebsd-x64@1.33.0", "https://registry.npmmirror.com/lightningcss-freebsd-x64/-/lightningcss-freebsd-x64-1.33.0.tgz", { "os": "freebsd", "cpu": "x64" }, "sha512-QQM/Ti/hQajJwCY+RiWuCZ9sdtI/XQk7nDK5vC8kkdwixezOlDgvDx7+RT+QjK6FcFT4MpsuoBnHIo/O3StRRg=="],

    "lightningcss-linux-arm-gnueabihf": ["lightningcss-linux-arm-gnueabihf@1.33.0", "https://registry.npmmirror.com/lightningcss-linux-arm-gnueabihf/-/lightningcss-linux-arm-gnueabihf-1.33.0.tgz", { "os": "linux", "cpu": "arm" }, "sha512-N7FVBe6iS24MlM6R/4RBTxGhQheZGs7tiQ9U32UtF75NzP5Q7xWPRqLBCKxlRQRk3rY1jCIPLzx7WzOhuUIRLQ=="],

    "lightningcss-linux-arm64-gnu": ["lightningcss-linux-arm64-gnu@1.33.0", "https://registry.npmmirror.com/lightningcss-linux-arm64-gnu/-/lightningcss-linux-arm64-gnu-1.33.0.tgz", { "os": "linux", "cpu": "arm64" }, "sha512-j2v/itmy4HlNxlc6voKXYgBqNi0Ng2LShg4z7GufpEgs05P+2suBVyi9I6YHq5uoVFx9ETin3eCEhLVyXGQnKg=="],

    "lightningcss-linux-arm64-musl": ["lightningcss-linux-arm64-musl@1.33.0", "https://registry.npmmirror.com/lightningcss-linux-arm64-musl/-/lightningcss-linux-arm64-musl-1.33.0.tgz", { "os": "linux", "cpu": "arm64" }, "sha512-yiO5ROMuYQgXbC60yjZU5CYSFZGKXL0HFATXt9mHJn1+zW55oCtMI9NfcVhYLMFDL7gV7oBPon/EmMMGg2OvtQ=="],

    "lightningcss-linux-x64-gnu": ["lightningcss-linux-x64-gnu@1.33.0", "https://registry.npmmirror.com/lightningcss-linux-x64-gnu/-/lightningcss-linux-x64-gnu-1.33.0.tgz", { "os": "linux", "cpu": "x64" }, "sha512-ar+Ju7LmcN0Jo4FpL4hpFybwNG9/3A/Br5KW2n2jyODg3MEZXaDYADdemoNS+BDNfMgKvylJLj4S5tyRActuAg=="],

    "lightningcss-linux-x64-musl": ["lightningcss-linux-x64-musl@1.33.0", "https://registry.npmmirror.com/lightningcss-linux-x64-musl/-/lightningcss-linux-x64-musl-1.33.0.tgz", { "os": "linux", "cpu": "x64" }, "sha512-RYiYbkokw0trfKqqzfF55lginwEPrD3OJDfTuJzFs1MK6iFnDenaz1fqLLtX4ITG3OktJQXOeTaw1awrBAlZPw=="],

    "lightningcss-win32-arm64-msvc": ["lightningcss-win32-arm64-msvc@1.33.0", "https://registry.npmmirror.com/lightningcss-win32-arm64-msvc/-/lightningcss-win32-arm64-msvc-1.33.0.tgz", { "os": "win32", "cpu": "arm64" }, "sha512-1K+MPfLSFVpphzpdbfkhlWk6wBrTObBzS2T6db10PNOZgR9GoVsAWzwNyuhUYYbTp23j+4RrncfujZ4uAzXvwA=="],

    "lightningcss-win32-x64-msvc": ["lightningcss-win32-x64-msvc@1.33.0", "https://registry.npmmirror.com/lightningcss-win32-x64-msvc/-/lightningcss-win32-x64-msvc-1.33.0.tgz", { "os": "win32", "cpu": "x64" }, "sha512-OlEICDx/Xl0FqSp4bry8zFnCvGpig3Gl4gCquvYwHuqJKEC1+n9NgDniFvqHGmMv1ZkqDJrDqKKSykTDX+ehuA=="],

    "magic-string": ["magic-string@0.30.21", "https://registry.npmmirror.com/magic-string/-/magic-string-0.30.21.tgz", { "dependencies": { "@jridgewell/sourcemap-codec": "^1.5.5" } }, "sha512-vd2F4YUyEXKGcLHoq+TEyCjxueSeHnFxyyjNp80yg0XV4vUhnDer/lvvlqM/arB5bXQN5K2/3oinyCRyx8T2CQ=="],

    "marked": ["marked@18.0.5", "https://registry.npmmirror.com/marked/-/marked-18.0.5.tgz", { "bin": { "marked": "bin/marked.js" } }, "sha512-S6GcvALHg6K4ohtu4E7x0a1AqhAjp6cV8KhLSyN9qVapnzJkusVBxZRcIU9AeYsbe6P1hKDusSbEOzGyyuce6w=="],

    "minimatch": ["minimatch@10.2.5", "https://registry.npmmirror.com/minimatch/-/minimatch-10.2.5.tgz", { "dependencies": { "brace-expansion": "^5.0.5" } }, "sha512-MULkVLfKGYDFYejP07QOurDLLQpcjk7Fw+7jXS2R2czRQzR56yHRveU5NDJEOviH+hETZKSkIk5c+T23GjFUMg=="],

    "nanoid": ["nanoid@3.3.17", "https://registry.npmmirror.com/nanoid/-/nanoid-3.3.17.tgz", { "bin": { "nanoid": "bin/nanoid.cjs" } }, "sha512-xQLf0A3HOMlgHq0n247/LRuAOYmB7dXJ/DvAxGvsSBij45XtBSmQycu+F8ODbHwns/XyFZagyL1+J0Offw1E0g=="],

    "obug": ["obug@2.1.4", "https://registry.npmmirror.com/obug/-/obug-2.1.4.tgz", {}, "sha512-4a+OsYv9UktOJKE+l1A4OufDgdRF9PifWj+tJnHURo/P+WOxpG4GzUFL9qCalmWauao6ogiG+QvnCovwPoyAWA=="],

    "oxlint": ["oxlint@1.77.0", "https://registry.npmmirror.com/oxlint/-/oxlint-1.77.0.tgz", { "optionalDependencies": { "@oxlint/binding-android-arm-eabi": "1.77.0", "@oxlint/binding-android-arm64": "1.77.0", "@oxlint/binding-darwin-arm64": "1.77.0", "@oxlint/binding-darwin-x64": "1.77.0", "@oxlint/binding-freebsd-x64": "1.77.0", "@oxlint/binding-linux-arm-gnueabihf": "1.77.0", "@oxlint/binding-linux-arm-musleabihf": "1.77.0", "@oxlint/binding-linux-arm64-gnu": "1.77.0", "@oxlint/binding-linux-arm64-musl": "1.77.0", "@oxlint/binding-linux-ppc64-gnu": "1.77.0", "@oxlint/binding-linux-riscv64-gnu": "1.77.0", "@oxlint/binding-linux-riscv64-musl": "1.77.0", "@oxlint/binding-linux-s390x-gnu": "1.77.0", "@oxlint/binding-linux-x64-gnu": "1.77.0", "@oxlint/binding-linux-x64-musl": "1.77.0", "@oxlint/binding-openharmony-arm64": "1.77.0", "@oxlint/binding-win32-arm64-msvc": "1.77.0", "@oxlint/binding-win32-ia32-msvc": "1.77.0", "@oxlint/binding-win32-x64-msvc": "1.77.0" }, "peerDependencies": { "oxlint-tsgolint": ">=7.0.2001", "vite-plus": "*" }, "optionalPeers": ["oxlint-tsgolint", "vite-plus"], "bin": { "oxlint": "bin/oxlint" } }, "sha512-qnGh8XJHaQ0dprrDXNQZgS0FgjI6v+V3+X8DwmaV++5Aamy6jGKfDdQ1TUvhUxtmKFAbEf4/WeO5QZX+5WSngg=="],

    "pathe": ["pathe@2.0.3", "https://registry.npmmirror.com/pathe/-/pathe-2.0.3.tgz", {}, "sha512-WUjGcAqP1gQacoQe+OBJsFA7Ld4DyXuUIjZ5cc75cLHvJ7dtNsTugphxIADwspS+AraAUePCKrSVtPLFj/F88w=="],

    "picocolors": ["picocolors@1.1.1", "https://registry.npmmirror.com/picocolors/-/picocolors-1.1.1.tgz", {}, "sha512-xceH2snhtb5M9liqDsmEw56le376mTZkEX/jEb/RxNFyegNul7eNslCXP9FDj/Lcu0X8KEyMceP2ntpaHrDEVA=="],

    "picomatch": ["picomatch@4.0.5", "https://registry.npmmirror.com/picomatch/-/picomatch-4.0.5.tgz", {}, "sha512-RvwwcruNjI1ncT5xRakeyS9Lf8lcItv34KD+aif+VH9kduAyfYBipGh12274xtenIPZ119/R9BdTBa8gAwSh0A=="],

    "pkce-challenge": ["pkce-challenge@5.0.1", "https://registry.npmmirror.com/pkce-challenge/-/pkce-challenge-5.0.1.tgz", {}, "sha512-wQ0b/W4Fr01qtpHlqSqspcj3EhBvimsdh0KlHhH8HRZnMsEa0ea2fTULOXOS9ccQr3om+GcGRk4e+isrZWV8qQ=="],

    "postcss": ["postcss@8.5.25", "https://registry.npmmirror.com/postcss/-/postcss-8.5.25.tgz", { "dependencies": { "nanoid": "^3.3.16", "picocolors": "^1.1.1", "source-map-js": "^1.2.1" } }, "sha512-DTPx3RWSSnWyzLxQnlH0rJP+EW5ekl16ZU4/psbIhA0e53kJfdgaN5vKM+xP7yJtXVu+nfdVFmlgFDEKAe4Pyw=="],

    "rolldown": ["rolldown@1.2.2", "https://registry.npmmirror.com/rolldown/-/rolldown-1.2.2.tgz", { "dependencies": { "@oxc-project/types": "=0.142.0", "@rolldown/pluginutils": "^1.0.0" }, "optionalDependencies": { "@rolldown/binding-android-arm64": "1.2.2", "@rolldown/binding-darwin-arm64": "1.2.2", "@rolldown/binding-darwin-x64": "1.2.2", "@rolldown/binding-freebsd-x64": "1.2.2", "@rolldown/binding-linux-arm-gnueabihf": "1.2.2", "@rolldown/binding-linux-arm64-gnu": "1.2.2", "@rolldown/binding-linux-arm64-musl": "1.2.2", "@rolldown/binding-linux-ppc64-gnu": "1.2.2", "@rolldown/binding-linux-s390x-gnu": "1.2.2", "@rolldown/binding-linux-x64-gnu": "1.2.2", "@rolldown/binding-linux-x64-musl": "1.2.2", "@rolldown/binding-openharmony-arm64": "1.2.2", "@rolldown/binding-win32-arm64-msvc": "1.2.2", "@rolldown/binding-win32-x64-msvc": "1.2.2" }, "bin": { "rolldown": "./bin/cli.mjs" } }, "sha512-opwpo1tQBAcpSUJDt94B7hhLNGOKjCdE//XXjeLrnx9b83bjnw45tXdg1b09yEw/VLFBJGZpwRULMmOZo7ol+A=="],

    "siginfo": ["siginfo@2.0.0", "https://registry.npmmirror.com/siginfo/-/siginfo-2.0.0.tgz", {}, "sha512-ybx0WO1/8bSBLEWXZvEd7gMW3Sn3JFlW3TvX1nREbDLRNQNaeNN8WK0meBwPdAaOI7TtRRRJn/Es1zhrrCHu7g=="],

    "source-map-js": ["source-map-js@1.2.1", "https://registry.npmmirror.com/source-map-js/-/source-map-js-1.2.1.tgz", {}, "sha512-UXWMKhLOwVKb728IUtQPXxfYU+usdybtUrK/8uGE8CQMvrhOpwvzDBwj0QhSL7MQc7vIsISBG8VQ8+IDQxpfQA=="],

    "stackback": ["stackback@0.0.2", "https://registry.npmmirror.com/stackback/-/stackback-0.0.2.tgz", {}, "sha512-1XMJE5fQo1jGH6Y/7ebnwPOBEkIEnT4QF32d5R1+VXdXveM0IBMJt8zfaxX1P3QhVwrYe+576+jkANtSS2mBbw=="],

    "std-env": ["std-env@4.2.0", "https://registry.npmmirror.com/std-env/-/std-env-4.2.0.tgz", {}, "sha512-oCUKSupKTHX53EyjDtuZQ64pjLJ6yYCtpmEw0goYxtjG9KpbRe8KAsl2tBUGU9DyMcJ0RwJ8GqJAFzMXcXW1Rw=="],

    "tinybench": ["tinybench@2.9.0", "https://registry.npmmirror.com/tinybench/-/tinybench-2.9.0.tgz", {}, "sha512-0+DUvqWMValLmha6lr4kD8iAMK1HzV0/aKnCtWb9v9641TnP/MFb7Pc2bxoxQjTXAErryXVgUOfv2YqNllqGeg=="],

    "tinyexec": ["tinyexec@1.3.0", "https://registry.npmmirror.com/tinyexec/-/tinyexec-1.3.0.tgz", {}, "sha512-QKAl9m8gWWGHV8jZcPeym6j+XULi6tOf1mT83WYJ4Lk2ytW/uwAWkrP0uFsdoYMdueVJ0qs26wZ+23xeB4ibNQ=="],

    "tinyglobby": ["tinyglobby@0.2.17", "https://registry.npmmirror.com/tinyglobby/-/tinyglobby-0.2.17.tgz", { "dependencies": { "fdir": "^6.5.0", "picomatch": "^4.0.4" } }, "sha512-wXR/dYpcqKmfWpEdZjiKJOwCNFndD0DMnrW/cYjVGttEkBfVgcLFHoNrlj47mjOVic9yyNu65alsgF4NQyTa2g=="],

    "tinyrainbow": ["tinyrainbow@3.1.1", "https://registry.npmmirror.com/tinyrainbow/-/tinyrainbow-3.1.1.tgz", {}, "sha512-yau8yJdTt989Mm0Bd/236QnzEiPf2xLLTqUZRUJOo/3CB078LSwzei343DgtJVmfJKJE3TMINY1u42SQsP6mXw=="],

    "typescript": ["typescript@5.9.3", "https://registry.npmmirror.com/typescript/-/typescript-5.9.3.tgz", { "bin": { "tsc": "bin/tsc", "tsserver": "bin/tsserver" } }, "sha512-jl1vZzPDinLr9eUt3J/t7V6FgNEw9QjvBPdysz9KfQDD41fQrC2Y4vKQdiaUpFT4bXlb1RHhLpp8wtm6M5TgSw=="],

    "undici": ["undici@7.29.0", "https://registry.npmmirror.com/undici/-/undici-7.29.0.tgz", {}, "sha512-IDxfleLmmbSskfWSUATiN1nfn2rDuvnMOqb5CWR92iIfojA0Ud+ulOAAEQ57LPr9rWmsreUyf5lwyao+7GNNVw=="],

    "undici-types": ["undici-types@8.3.0", "https://registry.npmmirror.com/undici-types/-/undici-types-8.3.0.tgz", {}, "sha512-j375ScV60dom+YkPFIfTLcOiPxkN/buHz5GobjLhixFuANaNs3C9l4GmrWqejgXWJ7BbJcFYpTEUkS1Ge8bpZQ=="],

    "vite": ["vite@8.2.0", "https://registry.npmmirror.com/vite/-/vite-8.2.0.tgz", { "dependencies": { "lightningcss": "^1.33.0", "picomatch": "^4.0.5", "postcss": "^8.5.23", "rolldown": "~1.2.0", "tinyglobby": "^0.2.17" }, "optionalDependencies": { "fsevents": "~2.3.3" }, "peerDependencies": { "@types/node": "^20.19.0 || >=22.12.0", "@vitejs/devtools": "^0.4.0", "esbuild": "^0.27.0 || ^0.28.0", "jiti": ">=1.21.0", "less": "^4.0.0", "sass": "^1.70.0", "sass-embedded": "^1.70.0", "stylus": ">=0.54.8", "sugarss": "^5.0.0", "terser": "^5.16.0", "tsx": "^4.8.1", "yaml": "^2.4.2" }, "optionalPeers": ["@types/node", "@vitejs/devtools", "esbuild", "jiti", "less", "sass", "sass-embedded", "stylus", "sugarss", "terser", "tsx", "yaml"], "bin": { "vite": "bin/vite.js" } }, "sha512-pn+CFpM0lwDeKwmOq1ZaBK/9sjorZcgqxki6MbY/jPEVd9vichIlmlD4HmQ5wdP5EgqQCFRaACBxMC7uEGc6lQ=="],

    "vitest": ["vitest@4.1.9", "https://registry.npmmirror.com/vitest/-/vitest-4.1.9.tgz", { "dependencies": { "@vitest/expect": "4.1.9", "@vitest/mocker": "4.1.9", "@vitest/pretty-format": "4.1.9", "@vitest/runner": "4.1.9", "@vitest/snapshot": "4.1.9", "@vitest/spy": "4.1.9", "@vitest/utils": "4.1.9", "es-module-lexer": "^2.0.0", "expect-type": "^1.3.0", "magic-string": "^0.30.21", "obug": "^2.1.1", "pathe": "^2.0.3", "picomatch": "^4.0.3", "std-env": "^4.0.0-rc.1", "tinybench": "^2.9.0", "tinyexec": "^1.0.2", "tinyglobby": "^0.2.15", "tinyrainbow": "^3.1.0", "vite": "^6.0.0 || ^7.0.0 || ^8.0.0", "why-is-node-running": "^2.3.0" }, "peerDependencies": { "@edge-runtime/vm": "*", "@opentelemetry/api": "^1.9.0", "@types/node": "^20.0.0 || ^22.0.0 || >=24.0.0", "@vitest/browser-playwright": "4.1.9", "@vitest/browser-preview": "4.1.9", "@vitest/browser-webdriverio": "4.1.9", "@vitest/coverage-istanbul": "4.1.9", "@vitest/coverage-v8": "4.1.9", "@vitest/ui": "4.1.9", "happy-dom": "*", "jsdom": "*" }, "optionalPeers": ["@edge-runtime/vm", "@opentelemetry/api", "@types/node", "@vitest/browser-playwright", "@vitest/browser-preview", "@vitest/browser-webdriverio", "@vitest/coverage-istanbul", "@vitest/coverage-v8", "@vitest/ui", "happy-dom", "jsdom"], "bin": { "vitest": "./vitest.mjs" } }, "sha512-nE3/LEyc0z87uHYLZebqCUOaJr2hdtuPp7BQ4BosVFnfltxgAvMG08NyrSGlPpOUWvR27c5flSmYFTNr78L9GQ=="],

    "why-is-node-running": ["why-is-node-running@2.3.0", "https://registry.npmmirror.com/why-is-node-running/-/why-is-node-running-2.3.0.tgz", { "dependencies": { "siginfo": "^2.0.0", "stackback": "0.0.2" }, "bin": { "why-is-node-running": "cli.js" } }, "sha512-hUrmaWBdVDcxvYqnyh09zunKzROWjbZTiNy8dBEjkS7ehEDQibXJ7XvlmtbwuTclUiIyN+CyXQD4Vmko8fNm8w=="],

    "yaml": ["yaml@2.9.0", "https://registry.npmmirror.com/yaml/-/yaml-2.9.0.tgz", { "bin": { "yaml": "bin.mjs" } }, "sha512-2AvhNX3mb8zd6Zy7INTtSpl1F15HW6Wnqj0srWlkKLcpYl/gMIMJiyuGq2KeI2YFxUPjdlB+3Lc10seMLtL4cA=="],

    "zod": ["zod@4.1.8", "https://registry.npmmirror.com/zod/-/zod-4.1.8.tgz", {}, "sha512-5R1P+WwQqmmMIEACyzSvo4JXHY5WiAFHRMg+zBZKgKS+Q1viRa0C1hmUKtHltoIFKtIdki3pRxkmpP74jnNYHQ=="],
  }
}
